
Microsoft Visual Studio Solution File, Format Version 12.00
# Visual Studio Version 17
VisualStudioVersion = 17.5.33424.131
MinimumVisualStudioVersion = 10.0.40219.1
Project("{FAE04EC0-301F-11D3-BF4B-00C04F79EFBC}") = "ClassBasic", "ClassBasic\ClassBasic.csproj", "{63DF72DE-30CC-4DA7-9073-67DB8E34537B}"
EndProject
Global
	GlobalSection(SolutionConfigurationPlatforms) = preSolution
		Debug|Any CPU = Debug|Any CPU
		Release|Any CPU = Release|Any CPU
	EndGlobalSection
	GlobalSection(ProjectConfigurationPlatforms) = postSolution
		{63DF72DE-30CC-4DA7-9073-67DB8E34537B}.Debug|Any CPU.ActiveCfg = Debug|Any CPU
		{63DF72DE-30CC-4DA7-9073-67DB8E34537B}.Debug|Any CPU.Build.0 = Debug|Any CPU
		{63DF72DE-30CC-4DA7-9073-67DB8E34537B}.Release|Any CPU.ActiveCfg = Release|Any CPU
		{63DF72DE-30CC-4DA7-9073-67DB8E34537B}.Release|Any CPU.Build.0 = Release|Any CPU
	EndGlobalSection
	GlobalSection(SolutionProperties) = preSolution
		HideSolutionNode = FALSE
	EndGlobalSection
	GlobalSection(ExtensibilityGlobals) = postSolution
		SolutionGuid = {0970F9E3-98E4-4E3F-8595-4E236CD0EBBD}
	EndGlobalSection
EndGlobal
